<?xml version="1.0" encoding="utf-8"?>
<Project ToolsVersion="4.0" xmlns="http://schemas.microsoft.com/developer/msbuild/2003">
  <ItemGroup>
    <Filter Include="Source Files">
      <UniqueIdentifier>{4FC737F1-C7A5-4376-A066-2A32D752A2FF}</UniqueIdentifier>
      <Extensions>qml;cpp;c;cc;cxx;def;odl;idl;hpj;bat;asm;asmx</Extensions>
    </Filter>
    <Filter Include="Header Files">
      <UniqueIdentifier>{93995380-89BD-4b04-88EB-625FBE52EBFB}</UniqueIdentifier>
      <Extensions>h;hh;hpp;hxx;hm;inl;inc;xsd</Extensions>
    </Filter>
    <Filter Include="Resource Files">
      <UniqueIdentifier>{67DA6AB6-F800-4c08-8B7A-83BB121AAD01}</UniqueIdentifier>
      <Extensions>qrc;rc;ico;cur;bmp;dlg;rc2;rct;bin;rgs;gif;jpg;jpeg;jpe;resx;tiff;tif;png;wav;mfcribbon-ms</Extensions>
    </Filter>
    <Filter Include="Form Files">
      <UniqueIdentifier>{99349809-55BA-4b9d-BF79-8FDBB0286EB3}</UniqueIdentifier>
      <Extensions>ui</Extensions>
    </Filter>
    <Filter Include="Translation Files">
      <UniqueIdentifier>{639EADAA-A684-42e4-A9AD-28FC9BCB8F7C}</UniqueIdentifier>
      <Extensions>ts</Extensions>
    </Filter>
    <Filter Include="Header Files\QCustomPlot">
      <UniqueIdentifier>{0fc97910-68fc-45ce-9677-b7ff3aba76b4}</UniqueIdentifier>
    </Filter>
    <Filter Include="Source Files\QCustomPlot">
      <UniqueIdentifier>{7a9a26ef-9426-4409-ac90-293e05a473d3}</UniqueIdentifier>
    </Filter>
    <Filter Include="Header Files\Plot">
      <UniqueIdentifier>{c81f3453-dec1-429e-957c-67e1a006e7e4}</UniqueIdentifier>
    </Filter>
    <Filter Include="Source Files\Plot">
      <UniqueIdentifier>{518dfd4b-6cd4-4a7a-8769-678bd0cc3ebe}</UniqueIdentifier>
    </Filter>
    <Filter Include="Header Files\Library">
      <UniqueIdentifier>{51ebb71b-f817-4265-804c-fd341f59b0c3}</UniqueIdentifier>
    </Filter>
    <Filter Include="Header Files\Plot\Items">
      <UniqueIdentifier>{4916bd9b-a85d-4172-8755-574952cee03d}</UniqueIdentifier>
    </Filter>
    <Filter Include="Source Files\Plot\Items">
      <UniqueIdentifier>{bc2d843d-2278-41f2-9aa2-b4dd205f7242}</UniqueIdentifier>
    </Filter>
    <Filter Include="Header Files\Waterfall">
      <UniqueIdentifier>{9e720565-3334-4774-9f65-9e185d55a892}</UniqueIdentifier>
    </Filter>
    <Filter Include="Source Files\Waterfall">
      <UniqueIdentifier>{8493c6eb-4b55-44fb-88f0-f1197a2919e9}</UniqueIdentifier>
    </Filter>
    <Filter Include="Header Files\ColorMap">
      <UniqueIdentifier>{3587abf1-d653-4835-85d4-b7920885a043}</UniqueIdentifier>
    </Filter>
    <Filter Include="Source Files\ColorMap">
      <UniqueIdentifier>{93ca13a8-3916-473a-96ec-0e985f0a47a3}</UniqueIdentifier>
    </Filter>
  </ItemGroup>
  <ItemGroup>
    <ClInclude Include="QtPlotGlobal.h">
      <Filter>Header Files</Filter>
    </ClInclude>
    <ClInclude Include="Library\QtPlotEnumLibrary.h">
      <Filter>Header Files\Library</Filter>
    </ClInclude>
    <ClInclude Include="Library\QtPlotMathLibrary.h">
      <Filter>Header Files\Library</Filter>
    </ClInclude>
    <ClInclude Include="Interval.h">
      <Filter>Header Files</Filter>
    </ClInclude>
    <ClInclude Include="ColorMap\WfColorMap.h">
      <Filter>Header Files\ColorMap</Filter>
    </ClInclude>
    <ClInclude Include="ColorMap\WaterfallColorMap.h">
      <Filter>Header Files\ColorMap</Filter>
    </ClInclude>
  </ItemGroup>
  <ItemGroup>
    <ClCompile Include="\\192.168.132.15\share\QtPlot\QtPlot\QCustomPlot\QCustomPlot.cpp">
      <Filter>Source Files\QCustomPlot</Filter>
    </ClCompile>
    <ClCompile Include="\\192.168.132.15\share\QtPlot\QtPlot\Plot\QtPlot.cpp">
      <Filter>Source Files\Plot</Filter>
    </ClCompile>
    <ClCompile Include="\\192.168.132.15\share\QtPlot\QtPlot\Plot\ZoomClampedPlot.cpp">
      <Filter>Source Files\Plot</Filter>
    </ClCompile>
    <ClCompile Include="\\192.168.132.15\share\QtPlot\QtPlot\Plot\MarkingPlot.cpp">
      <Filter>Source Files\Plot</Filter>
    </ClCompile>
    <ClCompile Include="\\192.168.132.15\share\QtPlot\QtPlot\Plot\Items\MovableItemLine.cpp">
      <Filter>Source Files\Plot\Items</Filter>
    </ClCompile>
    <ClCompile Include="Plot\Items\MovableInfinityLine.cpp">
      <Filter>Source Files\Plot\Items</Filter>
    </ClCompile>
    <ClCompile Include="Waterfall\WaterfallThread.cpp">
      <Filter>Source Files\Waterfall</Filter>
    </ClCompile>
    <ClCompile Include="Waterfall\Waterfall.cpp">
      <Filter>Source Files\Waterfall</Filter>
    </ClCompile>
    <ClCompile Include="Waterfall\WaterfallContent.cpp">
      <Filter>Source Files\Waterfall</Filter>
    </ClCompile>
    <ClCompile Include="Waterfall\WaterfallLayer.cpp">
      <Filter>Source Files\Waterfall</Filter>
    </ClCompile>
    <ClCompile Include="Interval.cpp">
      <Filter>Source Files</Filter>
    </ClCompile>
    <ClCompile Include="ColorMap\WfColorMap.cpp">
      <Filter>Source Files\ColorMap</Filter>
    </ClCompile>
    <ClCompile Include="ColorMap\WaterfallColorMap.cpp">
      <Filter>Source Files\ColorMap</Filter>
    </ClCompile>
  </ItemGroup>
  <ItemGroup>
    <QtMoc Include="\\192.168.132.15\share\QtPlot\QtPlot\QCustomPlot\QCustomPlot.h">
      <Filter>Header Files\QCustomPlot</Filter>
    </QtMoc>
    <QtMoc Include="\\192.168.132.15\share\QtPlot\QtPlot\Plot\QtPlot.h">
      <Filter>Header Files\Plot</Filter>
    </QtMoc>
    <QtMoc Include="\\192.168.132.15\share\QtPlot\QtPlot\Plot\ZoomClampedPlot.h">
      <Filter>Header Files\Plot</Filter>
    </QtMoc>
    <QtMoc Include="\\192.168.132.15\share\QtPlot\QtPlot\Plot\MarkingPlot.h">
      <Filter>Header Files\Plot</Filter>
    </QtMoc>
    <QtMoc Include="\\192.168.132.15\share\QtPlot\QtPlot\Plot\Items\MovableItemLine.h">
      <Filter>Header Files\Plot\Items</Filter>
    </QtMoc>
    <QtMoc Include="Plot\Items\MovableInfinityLine.h">
      <Filter>Header Files\Plot\Items</Filter>
    </QtMoc>
    <QtMoc Include="Waterfall\WaterfallThread.h">
      <Filter>Header Files\Waterfall</Filter>
    </QtMoc>
    <QtMoc Include="Waterfall\WaterfallContent.h">
      <Filter>Header Files\Waterfall</Filter>
    </QtMoc>
    <QtMoc Include="Waterfall\WaterfallLayer.h">
      <Filter>Header Files\Waterfall</Filter>
    </QtMoc>
    <QtMoc Include="Waterfall\Waterfall.h">
      <Filter>Header Files\Waterfall</Filter>
    </QtMoc>
  </ItemGroup>
</Project>