<?xml version="1.0" encoding="utf-8"?>
<Project ToolsVersion="4.0" xmlns="http://schemas.microsoft.com/developer/msbuild/2003">
  <ItemGroup>
    <Filter Include="Source Files">
      <UniqueIdentifier>{4FC737F1-C7A5-4376-A066-2A32D752A2FF}</UniqueIdentifier>
      <Extensions>qml;cpp;c;cc;cxx;def;odl;idl;hpj;bat;asm;asmx</Extensions>
    </Filter>
    <Filter Include="Header Files">
      <UniqueIdentifier>{93995380-89BD-4b04-88EB-625FBE52EBFB}</UniqueIdentifier>
      <Extensions>h;hh;hpp;hxx;hm;inl;inc;xsd</Extensions>
    </Filter>
    <Filter Include="Resource Files">
      <UniqueIdentifier>{67DA6AB6-F800-4c08-8B7A-83BB121AAD01}</UniqueIdentifier>
      <Extensions>qrc;rc;ico;cur;bmp;dlg;rc2;rct;bin;rgs;gif;jpg;jpeg;jpe;resx;tiff;tif;png;wav;mfcribbon-ms</Extensions>
    </Filter>
    <Filter Include="Form Files">
      <UniqueIdentifier>{99349809-55BA-4b9d-BF79-8FDBB0286EB3}</UniqueIdentifier>
      <Extensions>ui</Extensions>
    </Filter>
    <Filter Include="Translation Files">
      <UniqueIdentifier>{639EADAA-A684-42e4-A9AD-28FC9BCB8F7C}</UniqueIdentifier>
      <Extensions>ts</Extensions>
    </Filter>
    <Filter Include="Source Files\Waterfall">
      <UniqueIdentifier>{5b301211-24ae-4c93-bc78-700c048bdd37}</UniqueIdentifier>
    </Filter>
    <Filter Include="Header Files\Waterfall">
      <UniqueIdentifier>{d1bed7e1-0e4a-4720-aa4b-e09a5beb6788}</UniqueIdentifier>
    </Filter>
    <Filter Include="Header Files\QCustomPlot">
      <UniqueIdentifier>{0d5208f3-508a-4aba-a752-3f4ea8b1ffcd}</UniqueIdentifier>
    </Filter>
    <Filter Include="Source Files\QCustomPlot">
      <UniqueIdentifier>{21c0f982-6bfd-4288-804a-d73d033a3179}</UniqueIdentifier>
    </Filter>
    <Filter Include="Header Files\Plot">
      <UniqueIdentifier>{676668e5-6e0d-4e82-8bcd-2758c722470a}</UniqueIdentifier>
    </Filter>
    <Filter Include="Header Files\Plot\Items">
      <UniqueIdentifier>{1a4cbe60-6ee1-4dc6-98a9-29b33995e100}</UniqueIdentifier>
    </Filter>
    <Filter Include="Source Files\Plot">
      <UniqueIdentifier>{00b07481-3264-4a13-91ee-c372bfe3f13e}</UniqueIdentifier>
    </Filter>
    <Filter Include="Source Files\Plot\Items">
      <UniqueIdentifier>{bf2acda3-8667-42a4-ad6c-5ed9c10a770d}</UniqueIdentifier>
    </Filter>
    <Filter Include="Header Files\Library">
      <UniqueIdentifier>{8ba425e3-f29b-4c3f-8b79-75ca43c4b25e}</UniqueIdentifier>
    </Filter>
    <Filter Include="Header Files\ColorMap">
      <UniqueIdentifier>{4e021864-e765-4c89-8e4a-26106d4ccfd5}</UniqueIdentifier>
    </Filter>
    <Filter Include="Source Files\ColorMap">
      <UniqueIdentifier>{ec784bdd-3be2-4d2d-bc50-783d1191da4f}</UniqueIdentifier>
    </Filter>
  </ItemGroup>
  <ItemGroup>
    <ClInclude Include="Interval.h">
      <Filter>Header Files</Filter>
    </ClInclude>
    <ClInclude Include="QtPlotGlobal.h">
      <Filter>Header Files</Filter>
    </ClInclude>
    <ClInclude Include="Library\QtPlotEnumLibrary.h">
      <Filter>Header Files\Library</Filter>
    </ClInclude>
    <ClInclude Include="Library\QtPlotMathLibrary.h">
      <Filter>Header Files\Library</Filter>
    </ClInclude>
    <ClInclude Include="ColorMap\WaterfallColorMap.h">
      <Filter>Header Files\ColorMap</Filter>
    </ClInclude>
    <ClInclude Include="ColorMap\WfColorMap.h">
      <Filter>Header Files\ColorMap</Filter>
    </ClInclude>
  </ItemGroup>
  <ItemGroup>
    <ClCompile Include="Interval.cpp">
      <Filter>Source Files</Filter>
    </ClCompile>
    <ClCompile Include="Waterfall\Waterfall.cpp">
      <Filter>Source Files\Waterfall</Filter>
    </ClCompile>
    <ClCompile Include="Waterfall\WaterfallContent.cpp">
      <Filter>Source Files\Waterfall</Filter>
    </ClCompile>
    <ClCompile Include="Waterfall\WaterfallLayer.cpp">
      <Filter>Source Files\Waterfall</Filter>
    </ClCompile>
    <ClCompile Include="Waterfall\WaterfallThread.cpp">
      <Filter>Source Files\Waterfall</Filter>
    </ClCompile>
    <ClCompile Include="QCustomPlot\QCustomPlot.cpp">
      <Filter>Source Files\QCustomPlot</Filter>
    </ClCompile>
    <ClCompile Include="Plot\Items\MovableInfinityLine.cpp">
      <Filter>Source Files\Plot\Items</Filter>
    </ClCompile>
    <ClCompile Include="Plot\Items\MovableItemLine.cpp">
      <Filter>Source Files\Plot\Items</Filter>
    </ClCompile>
    <ClCompile Include="Plot\InfoPlot.cpp">
      <Filter>Source Files\Plot</Filter>
    </ClCompile>
    <ClCompile Include="Plot\MarkingPlot.cpp">
      <Filter>Source Files\Plot</Filter>
    </ClCompile>
    <ClCompile Include="Plot\QtPlot.cpp">
      <Filter>Source Files\Plot</Filter>
    </ClCompile>
    <ClCompile Include="Plot\ZoomClampedPlot.cpp">
      <Filter>Source Files\Plot</Filter>
    </ClCompile>
    <ClCompile Include="ColorMap\WfColorMap.cpp">
      <Filter>Source Files\ColorMap</Filter>
    </ClCompile>
    <ClCompile Include="ColorMap\WaterfallColorMap.cpp">
      <Filter>Source Files\ColorMap</Filter>
    </ClCompile>
    <ClCompile Include="Plot\Items\BaseMarker.cpp">
      <Filter>Source Files\Plot\Items</Filter>
    </ClCompile>
    <ClCompile Include="Plot\Items\SingleMarker.cpp">
      <Filter>Source Files\Plot\Items</Filter>
    </ClCompile>
    <ClCompile Include="Waterfall\WaterfallWM.cpp">
      <Filter>Source Files\Waterfall</Filter>
    </ClCompile>
    <ClCompile Include="Waterfall\WaterfallContentWM.cpp">
      <Filter>Source Files\Waterfall</Filter>
    </ClCompile>
    <ClCompile Include="Waterfall\WaterfallBase.cpp">
      <Filter>Source Files\Waterfall</Filter>
    </ClCompile>
  </ItemGroup>
  <ItemGroup>
    <QtMoc Include="Waterfall\Waterfall.h">
      <Filter>Header Files\Waterfall</Filter>
    </QtMoc>
    <QtMoc Include="Waterfall\WaterfallContent.h">
      <Filter>Header Files\Waterfall</Filter>
    </QtMoc>
    <QtMoc Include="Waterfall\WaterfallLayer.h">
      <Filter>Header Files\Waterfall</Filter>
    </QtMoc>
    <QtMoc Include="Waterfall\WaterfallThread.h">
      <Filter>Header Files\Waterfall</Filter>
    </QtMoc>
    <QtMoc Include="QCustomPlot\QCustomPlot.h">
      <Filter>Header Files\QCustomPlot</Filter>
    </QtMoc>
    <QtMoc Include="Plot\Items\MovableInfinityLine.h">
      <Filter>Header Files\Plot\Items</Filter>
    </QtMoc>
    <QtMoc Include="Plot\Items\MovableItemLine.h">
      <Filter>Header Files\Plot\Items</Filter>
    </QtMoc>
    <QtMoc Include="Plot\InfoPlot.h">
      <Filter>Header Files\Plot</Filter>
    </QtMoc>
    <QtMoc Include="Plot\MarkingPlot.h">
      <Filter>Header Files\Plot</Filter>
    </QtMoc>
    <QtMoc Include="Plot\QtPlot.h">
      <Filter>Header Files\Plot</Filter>
    </QtMoc>
    <QtMoc Include="Plot\ZoomClampedPlot.h">
      <Filter>Header Files\Plot</Filter>
    </QtMoc>
    <QtMoc Include="Plot\Items\BaseMarker.h">
      <Filter>Header Files\Plot\Items</Filter>
    </QtMoc>
    <QtMoc Include="Plot\Items\SingleMarker.h">
      <Filter>Header Files\Plot\Items</Filter>
    </QtMoc>
    <QtMoc Include="Waterfall\WaterfallWM.h">
      <Filter>Header Files\Waterfall</Filter>
    </QtMoc>
    <QtMoc Include="Waterfall\WaterfallContentWM.h">
      <Filter>Header Files\Waterfall</Filter>
    </QtMoc>
    <QtMoc Include="Waterfall\WaterfallBase.h">
      <Filter>Source Files\Waterfall</Filter>
    </QtMoc>
  </ItemGroup>
</Project>