
Microsoft Visual Studio Solution File, Format Version 12.00
# Visual Studio Version 17
VisualStudioVersion = 17.0.32112.339
MinimumVisualStudioVersion = 10.0.40219.1
Project("{8BC9CEB8-8B4A-11D0-8D11-00A0C91BC942}") = "QtPlot", "QtPlot\QtPlot.vcxproj", "{A015EA27-ACE0-47B6-865A-9A0604EA0A00}"
EndProject
Project("{8BC9CEB8-8B4A-11D0-8D11-00A0C91BC942}") = "ExampleProject", "ExampleProject\ExampleProject.vcxproj", "{4A8C4FBE-63B0-437B-B456-9A17FE343454}"
EndProject
Global
	GlobalSection(SolutionConfigurationPlatforms) = preSolution
		Debug|x64 = Debug|x64
		Release|x64 = Release|x64
	EndGlobalSection
	GlobalSection(ProjectConfigurationPlatforms) = postSolution
		{A015EA27-ACE0-47B6-865A-9A0604EA0A00}.Debug|x64.ActiveCfg = Debug|x64
		{A015EA27-ACE0-47B6-865A-9A0604EA0A00}.Debug|x64.Build.0 = Debug|x64
		{A015EA27-ACE0-47B6-865A-9A0604EA0A00}.Release|x64.ActiveCfg = Release|x64
		{A015EA27-ACE0-47B6-865A-9A0604EA0A00}.Release|x64.Build.0 = Release|x64
		{4A8C4FBE-63B0-437B-B456-9A17FE343454}.Debug|x64.ActiveCfg = Debug|x64
		{4A8C4FBE-63B0-437B-B456-9A17FE343454}.Debug|x64.Build.0 = Debug|x64
		{4A8C4FBE-63B0-437B-B456-9A17FE343454}.Release|x64.ActiveCfg = Release|x64
		{4A8C4FBE-63B0-437B-B456-9A17FE343454}.Release|x64.Build.0 = Release|x64
	EndGlobalSection
	GlobalSection(SolutionProperties) = preSolution
		HideSolutionNode = FALSE
	EndGlobalSection
	GlobalSection(ExtensibilityGlobals) = postSolution
		SolutionGuid = {FA8D2B06-C47F-44B5-9182-A6C8CE90D941}
	EndGlobalSection
EndGlobal
